
Microsoft Visual Studio Solution File, Format Version 12.00
# Visual Studio Version 16
VisualStudioVersion = 16.0.33027.164
MinimumVisualStudioVersion = 10.0.40219.1
Project("{9A19103F-16F7-4668-BE54-9A1E7A4F7556}") = "appWPF", "appWPF\appWPF.csproj", "{95F4F711-2438-497C-8ED9-0ECDBDF338FB}"
EndProject
Project("{9A19103F-16F7-4668-BE54-9A1E7A4F7556}") = "SaveEntityFramework", "SaveEntityFramework\SaveEntityFramework.csproj", "{1A450A1A-3BDF-487E-895E-8FF903A48457}"
EndProject
Project("{9A19103F-16F7-4668-BE54-9A1E7A4F7556}") = "SaveDomain", "SaveDomain\SaveDomain.csproj", "{11C6F409-4B1F-4306-9B98-CFF8ECDF99F9}"
EndProject
Global
	GlobalSection(SolutionConfigurationPlatforms) = preSolution
		Debug|Any CPU = Debug|Any CPU
		Release|Any CPU = Release|Any CPU
	EndGlobalSection
	GlobalSection(ProjectConfigurationPlatforms) = postSolution
		{95F4F711-2438-497C-8ED9-0ECDBDF338FB}.Debug|Any CPU.ActiveCfg = Debug|Any CPU
		{95F4F711-2438-497C-8ED9-0ECDBDF338FB}.Debug|Any CPU.Build.0 = Debug|Any CPU
		{95F4F711-2438-497C-8ED9-0ECDBDF338FB}.Release|Any CPU.ActiveCfg = Release|Any CPU
		{95F4F711-2438-497C-8ED9-0ECDBDF338FB}.Release|Any CPU.Build.0 = Release|Any CPU
		{1A450A1A-3BDF-487E-895E-8FF903A48457}.Debug|Any CPU.ActiveCfg = Debug|Any CPU
		{1A450A1A-3BDF-487E-895E-8FF903A48457}.Debug|Any CPU.Build.0 = Debug|Any CPU
		{1A450A1A-3BDF-487E-895E-8FF903A48457}.Release|Any CPU.ActiveCfg = Release|Any CPU
		{1A450A1A-3BDF-487E-895E-8FF903A48457}.Release|Any CPU.Build.0 = Release|Any CPU
		{11C6F409-4B1F-4306-9B98-CFF8ECDF99F9}.Debug|Any CPU.ActiveCfg = Debug|Any CPU
		{11C6F409-4B1F-4306-9B98-CFF8ECDF99F9}.Debug|Any CPU.Build.0 = Debug|Any CPU
		{11C6F409-4B1F-4306-9B98-CFF8ECDF99F9}.Release|Any CPU.ActiveCfg = Release|Any CPU
		{11C6F409-4B1F-4306-9B98-CFF8ECDF99F9}.Release|Any CPU.Build.0 = Release|Any CPU
	EndGlobalSection
	GlobalSection(SolutionProperties) = preSolution
		HideSolutionNode = FALSE
	EndGlobalSection
	GlobalSection(ExtensibilityGlobals) = postSolution
		SolutionGuid = {5DFB5250-3C90-4C24-84A0-6FC80707F05F}
	EndGlobalSection
EndGlobal
